
Microsoft Visual Studio Solution File, Format Version 12.00
# Visual Studio Version 18
VisualStudioVersion = 18.3.11408.92
MinimumVisualStudioVersion = 10.0.40219.1
Project("{9A19103F-16F7-4668-BE54-9A1E7A4F7556}") = "ZYC.Automation", "ZYC.Automation\ZYC.Automation.csproj", "{17A6BD11-8C8C-4FDF-A066-10F3182351A0}"
EndProject
Project("{9A19103F-16F7-4668-BE54-9A1E7A4F7556}") = "ZYC.Automation.Modules.WebBrowser", "ZYC.Automation.Modules.WebBrowser\ZYC.Automation.Modules.WebBrowser.csproj", "{0087B797-66BD-4E0C-A05A-38EAAD97AA21}"
EndProject
Project("{9A19103F-16F7-4668-BE54-9A1E7A4F7556}") = "ZYC.Automation.Modules.WebBrowser.Abstractions", "ZYC.Automation.Modules.WebBrowser.Abstractions\ZYC.Automation.Modules.WebBrowser.Abstractions.csproj", "{378953FA-C170-4F80-A933-88CF7A1B1771}"
EndProject
Project("{2150E333-8FDC-42A3-9474-1A3956D46DE8}") = "Solution Items", "Solution Items", "{E385037B-8928-4E5E-B17A-A6E473B78B2B}"
	ProjectSection(SolutionItems) = preProject
		.editorconfig = .editorconfig
		.gitignore = .gitignore
		Directory.Build.props = Directory.Build.props
		Directory.Build.targets = Directory.Build.targets
		FodyWeavers.xml = FodyWeavers.xml
		nuget.props = nuget.props
		nuget.targets = nuget.targets
		..\README.md = ..\README.md
		version.props = version.props
		ZYC.Automation.sln.DotSettings = ZYC.Automation.sln.DotSettings
	EndProjectSection
EndProject
Project("{9A19103F-16F7-4668-BE54-9A1E7A4F7556}") = "ZYC.Automation.Core", "ZYC.Automation.Core\ZYC.Automation.Core.csproj", "{BF363374-9700-417E-A6C3-422B13E99695}"
EndProject
Project("{9A19103F-16F7-4668-BE54-9A1E7A4F7556}") = "ZYC.Automation.Abstractions", "ZYC.Automation.Abstractions\ZYC.Automation.Abstractions.csproj", "{5934D16B-0BB7-4156-9FE9-C6100D93F9AE}"
EndProject
Project("{2150E333-8FDC-42A3-9474-1A3956D46DE8}") = "Build", "Build", "{6C9F59DE-174E-42F5-A50C-726DB7B47575}"
EndProject
Project("{2150E333-8FDC-42A3-9474-1A3956D46DE8}") = "Modules", "Modules", "{AE35FA0F-EDD7-480C-82AD-01539A34E137}"
EndProject
Project("{9A19103F-16F7-4668-BE54-9A1E7A4F7556}") = "ZYC.Automation.Build.NuGet", "ZYC.Automation.Build.NuGet\ZYC.Automation.Build.NuGet.csproj", "{16E51523-8DF2-4B0E-AA4E-D378E7E410E8}"
EndProject
Project("{9A19103F-16F7-4668-BE54-9A1E7A4F7556}") = "ZYC.Automation.Modules.TaskManager", "ZYC.Automation.Modules.TaskManager\ZYC.Automation.Modules.TaskManager.csproj", "{E5890EE1-032C-4D59-9974-A28EF0DFE633}"
EndProject
Project("{9A19103F-16F7-4668-BE54-9A1E7A4F7556}") = "ZYC.Automation.Modules.TaskManager.Abstractions", "ZYC.Automation.Modules.TaskManager.Abstractions\ZYC.Automation.Modules.TaskManager.Abstractions.csproj", "{20ADA0F8-DD74-4998-ACF9-CE95E67B7C9C}"
EndProject
Project("{9A19103F-16F7-4668-BE54-9A1E7A4F7556}") = "ZYC.Automation.Modules.About", "ZYC.Automation.Modules.About\ZYC.Automation.Modules.About.csproj", "{BE1C7A9D-8494-41EC-9F62-42BD21E65F13}"
EndProject
Project("{9A19103F-16F7-4668-BE54-9A1E7A4F7556}") = "ZYC.Automation.Modules.About.Abstractions", "ZYC.Automation.Modules.About.Abstractions\ZYC.Automation.Modules.About.Abstractions.csproj", "{2E0C4838-9367-4968-B35D-6CE991EF8346}"
EndProject
Project("{9A19103F-16F7-4668-BE54-9A1E7A4F7556}") = "ZYC.Automation.Modules.Update", "ZYC.Automation.Modules.Update\ZYC.Automation.Modules.Update.csproj", "{ECDA10F2-BDD7-4804-BE66-1F2ADE813C27}"
EndProject
Project("{9A19103F-16F7-4668-BE54-9A1E7A4F7556}") = "ZYC.Automation.Modules.Update.Abstractions", "ZYC.Automation.Modules.Update.Abstractions\ZYC.Automation.Modules.Update.Abstractions.csproj", "{353EBCBB-10D2-49B8-A20E-0FFBF98689F1}"
EndProject
Project("{9A19103F-16F7-4668-BE54-9A1E7A4F7556}") = "ZYC.Automation.Modules.Settings", "ZYC.Automation.Modules.Settings\ZYC.Automation.Modules.Settings.csproj", "{2F46FB16-A60A-49D5-9853-970F2A558201}"
EndProject
Project("{9A19103F-16F7-4668-BE54-9A1E7A4F7556}") = "ZYC.Automation.Modules.Settings.Abstractions", "ZYC.Automation.Modules.Settings.Abstractions\ZYC.Automation.Modules.Settings.Abstractions.csproj", "{E1D44107-74FA-4102-804E-63C60290DA43}"
EndProject
Project("{9A19103F-16F7-4668-BE54-9A1E7A4F7556}") = "ZYC.Automation.WebView2", "ZYC.Automation.WebView2\ZYC.Automation.WebView2.csproj", "{503200C0-772E-4F20-B982-EDEC08248D1C}"
EndProject
Project("{9A19103F-16F7-4668-BE54-9A1E7A4F7556}") = "ZYC.Automation.Modules.Language", "ZYC.Automation.Modules.Language\ZYC.Automation.Modules.Language.csproj", "{8E4FB672-5659-48F4-B7EA-C959C93C744A}"
EndProject
Project("{9A19103F-16F7-4668-BE54-9A1E7A4F7556}") = "ZYC.Automation.Modules.Language.Abstractions", "ZYC.Automation.Modules.Language.Abstractions\ZYC.Automation.Modules.Language.Abstractions.csproj", "{FDCA9626-8EF1-44C9-9D97-9147AC4070C5}"
EndProject
Project("{9A19103F-16F7-4668-BE54-9A1E7A4F7556}") = "ZYC.Automation.Modules.ModuleManager", "ZYC.Automation.Modules.ModuleManager\ZYC.Automation.Modules.ModuleManager.csproj", "{B11F4977-B79D-408A-955B-EE5A66A397B2}"
EndProject
Project("{9A19103F-16F7-4668-BE54-9A1E7A4F7556}") = "ZYC.Automation.Modules.ModuleManager.Abstractions", "ZYC.Automation.Modules.ModuleManager.Abstractions\ZYC.Automation.Modules.ModuleManager.Abstractions.csproj", "{CC825B79-793F-4601-A9F0-2AF08B80464E}"
EndProject
Project("{9A19103F-16F7-4668-BE54-9A1E7A4F7556}") = "ZYC.Automation.Modules.Log", "ZYC.Automation.Modules.Log\ZYC.Automation.Modules.Log.csproj", "{4B061CC5-B644-4E95-BA31-88C169F1905C}"
EndProject
Project("{9A19103F-16F7-4668-BE54-9A1E7A4F7556}") = "ZYC.Automation.Modules.Log.Abstractions", "ZYC.Automation.Modules.Log.Abstractions\ZYC.Automation.Modules.Log.Abstractions.csproj", "{F09E926B-21AD-4CCB-973B-922690279ED1}"
EndProject
Project("{9A19103F-16F7-4668-BE54-9A1E7A4F7556}") = "ZYC.Automation.MetroWindow", "ZYC.Automation.MetroWindow\ZYC.Automation.MetroWindow.csproj", "{BDE94C2C-85D7-4DF8-B0AA-6A53BBE3983D}"
EndProject
Project("{9A19103F-16F7-4668-BE54-9A1E7A4F7556}") = "ZYC.Automation.Modules.NuGet", "ZYC.Automation.Modules.NuGet\ZYC.Automation.Modules.NuGet.csproj", "{FBF20DC4-742D-47FF-9151-A212A6FD4594}"
EndProject
Project("{9A19103F-16F7-4668-BE54-9A1E7A4F7556}") = "ZYC.Automation.Modules.NuGet.Abstractions", "ZYC.Automation.Modules.NuGet.Abstractions\ZYC.Automation.Modules.NuGet.Abstractions.csproj", "{B95FD3C4-C317-4BE2-90F5-32769BD802D5}"
EndProject
Project("{9A19103F-16F7-4668-BE54-9A1E7A4F7556}") = "ZYC.Automation.Modules.FileExplorer", "ZYC.Automation.Modules.FileExplorer\ZYC.Automation.Modules.FileExplorer.csproj", "{EEC5020C-57D2-43FD-8BCE-239EF5C9FCC6}"
EndProject
Project("{9A19103F-16F7-4668-BE54-9A1E7A4F7556}") = "ZYC.Automation.Modules.FileExplorer.Abstractions", "ZYC.Automation.Modules.FileExplorer.Abstractions\ZYC.Automation.Modules.FileExplorer.Abstractions.csproj", "{2A49DC33-5F40-4829-94AB-7EA865224DDC}"
EndProject
Project("{9A19103F-16F7-4668-BE54-9A1E7A4F7556}") = "ZYC.Automation.Modules.Mock", "ZYC.Automation.Modules.Mock\ZYC.Automation.Modules.Mock.csproj", "{9B5F8F47-24B8-4452-9078-1B02436F0B5B}"
EndProject
Project("{9A19103F-16F7-4668-BE54-9A1E7A4F7556}") = "ZYC.Automation.Modules.Mock.Abstractions", "ZYC.Automation.Modules.Mock.Abstractions\ZYC.Automation.Modules.Mock.Abstractions.csproj", "{D139FD44-2EAA-4FBF-8210-08C1142DAC57}"
EndProject
Project("{9A19103F-16F7-4668-BE54-9A1E7A4F7556}") = "ZYC.Automation.Modules.Translator", "ZYC.Automation.Modules.Translator\ZYC.Automation.Modules.Translator.csproj", "{CB0A1D9A-0928-4AA5-A13B-8944BBCB2D75}"
EndProject
Project("{9A19103F-16F7-4668-BE54-9A1E7A4F7556}") = "ZYC.Automation.Modules.Translator.Abstractions", "ZYC.Automation.Modules.Translator.Abstractions\ZYC.Automation.Modules.Translator.Abstractions.csproj", "{5A7C98FA-8ED1-44B8-94C1-749B72448008}"
EndProject
Project("{9A19103F-16F7-4668-BE54-9A1E7A4F7556}") = "ZYC.Automation.Modules.Secrets", "ZYC.Automation.Modules.Secrets\ZYC.Automation.Modules.Secrets.csproj", "{E4325BA6-5327-4448-A11D-452923C534B0}"
EndProject
Project("{9A19103F-16F7-4668-BE54-9A1E7A4F7556}") = "ZYC.Automation.Modules.Secrets.Abstractions", "ZYC.Automation.Modules.Secrets.Abstractions\ZYC.Automation.Modules.Secrets.Abstractions.csproj", "{8341A725-74C5-4168-99B4-89E97490E354}"
EndProject
Project("{9A19103F-16F7-4668-BE54-9A1E7A4F7556}") = "ZYC.Automation.Build.NewModule", "ZYC.Automation.Build.NewModule\ZYC.Automation.Build.NewModule.csproj", "{98CC9840-98FB-48D6-B888-8EAF0FDE6980}"
EndProject
Project("{2150E333-8FDC-42A3-9474-1A3956D46DE8}") = "Archived", "Archived", "{86DFA0AC-BDF1-41BB-A959-39E5719CFD16}"
EndProject
Project("{9A19103F-16F7-4668-BE54-9A1E7A4F7556}") = "ZYC.Automation.Build.InnoSetup", "ZYC.Automation.Build.InnoSetup\ZYC.Automation.Build.InnoSetup.csproj", "{28E69C4D-311A-426A-912E-2E8866ED0152}"
EndProject
Project("{2150E333-8FDC-42A3-9474-1A3956D46DE8}") = "Deprecated", "Deprecated", "{71626E10-F48E-410A-90F0-1C2F1F240F09}"
EndProject
Project("{FAE04EC0-301F-11D3-BF4B-00C04F79EFBC}") = "ZYC.Automation.CLI", "ZYC.Automation.CLI\ZYC.Automation.CLI.csproj", "{D321A6CE-2DBC-4358-ABEE-8A41C72190C5}"
EndProject
Project("{FAE04EC0-301F-11D3-BF4B-00C04F79EFBC}") = "ZYC.Automation.Modules.CLI", "ZYC.Automation.Modules.CLI\ZYC.Automation.Modules.CLI.csproj", "{84910889-32E4-4607-BED3-1C607EBD1EDE}"
EndProject
Project("{FAE04EC0-301F-11D3-BF4B-00C04F79EFBC}") = "ZYC.Automation.Modules.CLI.Abstractions", "ZYC.Automation.Modules.CLI.Abstractions\ZYC.Automation.Modules.CLI.Abstractions.csproj", "{95A22918-8270-474E-9C43-F8215EBF0C72}"
EndProject
Project("{FAE04EC0-301F-11D3-BF4B-00C04F79EFBC}") = "ZYC.Automation.Modules.BlazorDemo", "ZYC.Automation.Modules.BlazorDemo\ZYC.Automation.Modules.BlazorDemo.csproj", "{A6777A5B-A7B9-4BA9-BCBF-0EC885456080}"
EndProject
Project("{FAE04EC0-301F-11D3-BF4B-00C04F79EFBC}") = "ZYC.Automation.Modules.BlazorDemo.Abstractions", "ZYC.Automation.Modules.BlazorDemo.Abstractions\ZYC.Automation.Modules.BlazorDemo.Abstractions.csproj", "{05EB4972-4D30-4CB6-8024-5DE8F425F32C}"
EndProject
Project("{FAE04EC0-301F-11D3-BF4B-00C04F79EFBC}") = "ZYC.Automation.Modules.Aspire", "ZYC.Automation.Modules.Aspire\ZYC.Automation.Modules.Aspire.csproj", "{7D2CA178-728A-481B-9208-4B35FA93BF99}"
EndProject
Project("{FAE04EC0-301F-11D3-BF4B-00C04F79EFBC}") = "ZYC.Automation.Modules.Aspire.Abstractions", "ZYC.Automation.Modules.Aspire.Abstractions\ZYC.Automation.Modules.Aspire.Abstractions.csproj", "{66C1434C-F5DF-4E8A-9390-8A5E04F2D7E9}"
EndProject
Project("{FAE04EC0-301F-11D3-BF4B-00C04F79EFBC}") = "ZYC.Automation.Terminal", "Thirdparty\ZYC.Automation.Terminal\ZYC.Automation.Terminal.csproj", "{952CECFA-CA3A-43DE-80AD-D275684F647B}"
EndProject
Project("{2150E333-8FDC-42A3-9474-1A3956D46DE8}") = "Thirdparty", "Thirdparty", "{911DCF44-4C42-4704-9BD3-6AE70D6AAC43}"
EndProject
Project("{FAE04EC0-301F-11D3-BF4B-00C04F79EFBC}") = "ZYC.MdXaml", "Thirdparty\ZYC.MdXaml\ZYC.MdXaml.csproj", "{308F911B-AB11-4C2B-B7A5-169FE301E632}"
EndProject
Project("{FAE04EC0-301F-11D3-BF4B-00C04F79EFBC}") = "ZYC.Titanium.Web.Proxy", "Thirdparty\ZYC.Titanium.Web.Proxy\ZYC.Titanium.Web.Proxy.csproj", "{B03A7F76-B721-4B2B-BD74-43A090228F8E}"
EndProject
Project("{FAE04EC0-301F-11D3-BF4B-00C04F79EFBC}") = "ZYC.Automation.Modules.MarkdownViewer", "ZYC.Automation.Modules.MarkdownViewer\ZYC.Automation.Modules.MarkdownViewer.csproj", "{1313DB7D-3CD8-688B-07E2-44513AFFFAA5}"
EndProject
Project("{FAE04EC0-301F-11D3-BF4B-00C04F79EFBC}") = "ZYC.Automation.Modules.MarkdownViewer.Abstractions", "ZYC.Automation.Modules.MarkdownViewer.Abstractions\ZYC.Automation.Modules.MarkdownViewer.Abstractions.csproj", "{51853CD0-FE8C-3C50-E1F3-BC9B239582CB}"
EndProject
Project("{FAE04EC0-301F-11D3-BF4B-00C04F79EFBC}") = "ZYC.Automation.Modules.MCP.Server", "ZYC.Automation.Modules.MCP.Server\ZYC.Automation.Modules.MCP.Server.csproj", "{B39C5378-FCB3-2230-D8F1-2A46A11BF89B}"
EndProject
Project("{FAE04EC0-301F-11D3-BF4B-00C04F79EFBC}") = "ZYC.Automation.Modules.MCP.Server.Abstractions", "ZYC.Automation.Modules.MCP.Server.Abstractions\ZYC.Automation.Modules.MCP.Server.Abstractions.csproj", "{C6942FD4-3F66-F8D4-E392-248BD60C3F7F}"
EndProject
Global
	GlobalSection(SolutionConfigurationPlatforms) = preSolution
		Debug|Any CPU = Debug|Any CPU
		Release|Any CPU = Release|Any CPU
	EndGlobalSection
	GlobalSection(ProjectConfigurationPlatforms) = postSolution
		{17A6BD11-8C8C-4FDF-A066-10F3182351A0}.Debug|Any CPU.ActiveCfg = Debug|Any CPU
		{17A6BD11-8C8C-4FDF-A066-10F3182351A0}.Debug|Any CPU.Build.0 = Debug|Any CPU
		{17A6BD11-8C8C-4FDF-A066-10F3182351A0}.Release|Any CPU.ActiveCfg = Release|Any CPU
		{17A6BD11-8C8C-4FDF-A066-10F3182351A0}.Release|Any CPU.Build.0 = Release|Any CPU
		{0087B797-66BD-4E0C-A05A-38EAAD97AA21}.Debug|Any CPU.ActiveCfg = Debug|Any CPU
		{0087B797-66BD-4E0C-A05A-38EAAD97AA21}.Debug|Any CPU.Build.0 = Debug|Any CPU
		{0087B797-66BD-4E0C-A05A-38EAAD97AA21}.Release|Any CPU.ActiveCfg = Release|Any CPU
		{0087B797-66BD-4E0C-A05A-38EAAD97AA21}.Release|Any CPU.Build.0 = Release|Any CPU
		{378953FA-C170-4F80-A933-88CF7A1B1771}.Debug|Any CPU.ActiveCfg = Debug|Any CPU
		{378953FA-C170-4F80-A933-88CF7A1B1771}.Debug|Any CPU.Build.0 = Debug|Any CPU
		{378953FA-C170-4F80-A933-88CF7A1B1771}.Release|Any CPU.ActiveCfg = Release|Any CPU
		{378953FA-C170-4F80-A933-88CF7A1B1771}.Release|Any CPU.Build.0 = Release|Any CPU
		{BF363374-9700-417E-A6C3-422B13E99695}.Debug|Any CPU.ActiveCfg = Debug|Any CPU
		{BF363374-9700-417E-A6C3-422B13E99695}.Debug|Any CPU.Build.0 = Debug|Any CPU
		{BF363374-9700-417E-A6C3-422B13E99695}.Release|Any CPU.ActiveCfg = Release|Any CPU
		{BF363374-9700-417E-A6C3-422B13E99695}.Release|Any CPU.Build.0 = Release|Any CPU
		{5934D16B-0BB7-4156-9FE9-C6100D93F9AE}.Debug|Any CPU.ActiveCfg = Debug|Any CPU
		{5934D16B-0BB7-4156-9FE9-C6100D93F9AE}.Debug|Any CPU.Build.0 = Debug|Any CPU
		{5934D16B-0BB7-4156-9FE9-C6100D93F9AE}.Release|Any CPU.ActiveCfg = Release|Any CPU
		{5934D16B-0BB7-4156-9FE9-C6100D93F9AE}.Release|Any CPU.Build.0 = Release|Any CPU
		{16E51523-8DF2-4B0E-AA4E-D378E7E410E8}.Debug|Any CPU.ActiveCfg = Debug|Any CPU
		{16E51523-8DF2-4B0E-AA4E-D378E7E410E8}.Debug|Any CPU.Build.0 = Debug|Any CPU
		{16E51523-8DF2-4B0E-AA4E-D378E7E410E8}.Release|Any CPU.ActiveCfg = Release|Any CPU
		{16E51523-8DF2-4B0E-AA4E-D378E7E410E8}.Release|Any CPU.Build.0 = Release|Any CPU
		{E5890EE1-032C-4D59-9974-A28EF0DFE633}.Debug|Any CPU.ActiveCfg = Debug|Any CPU
		{E5890EE1-032C-4D59-9974-A28EF0DFE633}.Debug|Any CPU.Build.0 = Debug|Any CPU
		{E5890EE1-032C-4D59-9974-A28EF0DFE633}.Release|Any CPU.ActiveCfg = Release|Any CPU
		{E5890EE1-032C-4D59-9974-A28EF0DFE633}.Release|Any CPU.Build.0 = Release|Any CPU
		{20ADA0F8-DD74-4998-ACF9-CE95E67B7C9C}.Debug|Any CPU.ActiveCfg = Debug|Any CPU
		{20ADA0F8-DD74-4998-ACF9-CE95E67B7C9C}.Debug|Any CPU.Build.0 = Debug|Any CPU
		{20ADA0F8-DD74-4998-ACF9-CE95E67B7C9C}.Release|Any CPU.ActiveCfg = Release|Any CPU
		{20ADA0F8-DD74-4998-ACF9-CE95E67B7C9C}.Release|Any CPU.Build.0 = Release|Any CPU
		{BE1C7A9D-8494-41EC-9F62-42BD21E65F13}.Debug|Any CPU.ActiveCfg = Debug|Any CPU
		{BE1C7A9D-8494-41EC-9F62-42BD21E65F13}.Debug|Any CPU.Build.0 = Debug|Any CPU
		{BE1C7A9D-8494-41EC-9F62-42BD21E65F13}.Release|Any CPU.ActiveCfg = Release|Any CPU
		{BE1C7A9D-8494-41EC-9F62-42BD21E65F13}.Release|Any CPU.Build.0 = Release|Any CPU
		{2E0C4838-9367-4968-B35D-6CE991EF8346}.Debug|Any CPU.ActiveCfg = Debug|Any CPU
		{2E0C4838-9367-4968-B35D-6CE991EF8346}.Debug|Any CPU.Build.0 = Debug|Any CPU
		{2E0C4838-9367-4968-B35D-6CE991EF8346}.Release|Any CPU.ActiveCfg = Release|Any CPU
		{2E0C4838-9367-4968-B35D-6CE991EF8346}.Release|Any CPU.Build.0 = Release|Any CPU
		{ECDA10F2-BDD7-4804-BE66-1F2ADE813C27}.Debug|Any CPU.ActiveCfg = Debug|Any CPU
		{ECDA10F2-BDD7-4804-BE66-1F2ADE813C27}.Debug|Any CPU.Build.0 = Debug|Any CPU
		{ECDA10F2-BDD7-4804-BE66-1F2ADE813C27}.Release|Any CPU.ActiveCfg = Release|Any CPU
		{ECDA10F2-BDD7-4804-BE66-1F2ADE813C27}.Release|Any CPU.Build.0 = Release|Any CPU
		{353EBCBB-10D2-49B8-A20E-0FFBF98689F1}.Debug|Any CPU.ActiveCfg = Debug|Any CPU
		{353EBCBB-10D2-49B8-A20E-0FFBF98689F1}.Debug|Any CPU.Build.0 = Debug|Any CPU
		{353EBCBB-10D2-49B8-A20E-0FFBF98689F1}.Release|Any CPU.ActiveCfg = Release|Any CPU
		{353EBCBB-10D2-49B8-A20E-0FFBF98689F1}.Release|Any CPU.Build.0 = Release|Any CPU
		{2F46FB16-A60A-49D5-9853-970F2A558201}.Debug|Any CPU.ActiveCfg = Debug|Any CPU
		{2F46FB16-A60A-49D5-9853-970F2A558201}.Debug|Any CPU.Build.0 = Debug|Any CPU
		{2F46FB16-A60A-49D5-9853-970F2A558201}.Release|Any CPU.ActiveCfg = Release|Any CPU
		{2F46FB16-A60A-49D5-9853-970F2A558201}.Release|Any CPU.Build.0 = Release|Any CPU
		{E1D44107-74FA-4102-804E-63C60290DA43}.Debug|Any CPU.ActiveCfg = Debug|Any CPU
		{E1D44107-74FA-4102-804E-63C60290DA43}.Debug|Any CPU.Build.0 = Debug|Any CPU
		{E1D44107-74FA-4102-804E-63C60290DA43}.Release|Any CPU.ActiveCfg = Release|Any CPU
		{E1D44107-74FA-4102-804E-63C60290DA43}.Release|Any CPU.Build.0 = Release|Any CPU
		{503200C0-772E-4F20-B982-EDEC08248D1C}.Debug|Any CPU.ActiveCfg = Debug|Any CPU
		{503200C0-772E-4F20-B982-EDEC08248D1C}.Debug|Any CPU.Build.0 = Debug|Any CPU
		{503200C0-772E-4F20-B982-EDEC08248D1C}.Release|Any CPU.ActiveCfg = Release|Any CPU
		{503200C0-772E-4F20-B982-EDEC08248D1C}.Release|Any CPU.Build.0 = Release|Any CPU
		{8E4FB672-5659-48F4-B7EA-C959C93C744A}.Debug|Any CPU.ActiveCfg = Debug|Any CPU
		{8E4FB672-5659-48F4-B7EA-C959C93C744A}.Debug|Any CPU.Build.0 = Debug|Any CPU
		{8E4FB672-5659-48F4-B7EA-C959C93C744A}.Release|Any CPU.ActiveCfg = Release|Any CPU
		{8E4FB672-5659-48F4-B7EA-C959C93C744A}.Release|Any CPU.Build.0 = Release|Any CPU
		{FDCA9626-8EF1-44C9-9D97-9147AC4070C5}.Debug|Any CPU.ActiveCfg = Debug|Any CPU
		{FDCA9626-8EF1-44C9-9D97-9147AC4070C5}.Debug|Any CPU.Build.0 = Debug|Any CPU
		{FDCA9626-8EF1-44C9-9D97-9147AC4070C5}.Release|Any CPU.ActiveCfg = Release|Any CPU
		{FDCA9626-8EF1-44C9-9D97-9147AC4070C5}.Release|Any CPU.Build.0 = Release|Any CPU
		{B11F4977-B79D-408A-955B-EE5A66A397B2}.Debug|Any CPU.ActiveCfg = Debug|Any CPU
		{B11F4977-B79D-408A-955B-EE5A66A397B2}.Debug|Any CPU.Build.0 = Debug|Any CPU
		{B11F4977-B79D-408A-955B-EE5A66A397B2}.Release|Any CPU.ActiveCfg = Release|Any CPU
		{B11F4977-B79D-408A-955B-EE5A66A397B2}.Release|Any CPU.Build.0 = Release|Any CPU
		{CC825B79-793F-4601-A9F0-2AF08B80464E}.Debug|Any CPU.ActiveCfg = Debug|Any CPU
		{CC825B79-793F-4601-A9F0-2AF08B80464E}.Debug|Any CPU.Build.0 = Debug|Any CPU
		{CC825B79-793F-4601-A9F0-2AF08B80464E}.Release|Any CPU.ActiveCfg = Release|Any CPU
		{CC825B79-793F-4601-A9F0-2AF08B80464E}.Release|Any CPU.Build.0 = Release|Any CPU
		{4B061CC5-B644-4E95-BA31-88C169F1905C}.Debug|Any CPU.ActiveCfg = Debug|Any CPU
		{4B061CC5-B644-4E95-BA31-88C169F1905C}.Debug|Any CPU.Build.0 = Debug|Any CPU
		{4B061CC5-B644-4E95-BA31-88C169F1905C}.Release|Any CPU.ActiveCfg = Release|Any CPU
		{4B061CC5-B644-4E95-BA31-88C169F1905C}.Release|Any CPU.Build.0 = Release|Any CPU
		{F09E926B-21AD-4CCB-973B-922690279ED1}.Debug|Any CPU.ActiveCfg = Debug|Any CPU
		{F09E926B-21AD-4CCB-973B-922690279ED1}.Debug|Any CPU.Build.0 = Debug|Any CPU
		{F09E926B-21AD-4CCB-973B-922690279ED1}.Release|Any CPU.ActiveCfg = Release|Any CPU
		{F09E926B-21AD-4CCB-973B-922690279ED1}.Release|Any CPU.Build.0 = Release|Any CPU
		{BDE94C2C-85D7-4DF8-B0AA-6A53BBE3983D}.Debug|Any CPU.ActiveCfg = Debug|Any CPU
		{BDE94C2C-85D7-4DF8-B0AA-6A53BBE3983D}.Debug|Any CPU.Build.0 = Debug|Any CPU
		{BDE94C2C-85D7-4DF8-B0AA-6A53BBE3983D}.Release|Any CPU.ActiveCfg = Release|Any CPU
		{BDE94C2C-85D7-4DF8-B0AA-6A53BBE3983D}.Release|Any CPU.Build.0 = Release|Any CPU
		{FBF20DC4-742D-47FF-9151-A212A6FD4594}.Debug|Any CPU.ActiveCfg = Debug|Any CPU
		{FBF20DC4-742D-47FF-9151-A212A6FD4594}.Debug|Any CPU.Build.0 = Debug|Any CPU
		{FBF20DC4-742D-47FF-9151-A212A6FD4594}.Release|Any CPU.ActiveCfg = Release|Any CPU
		{FBF20DC4-742D-47FF-9151-A212A6FD4594}.Release|Any CPU.Build.0 = Release|Any CPU
		{B95FD3C4-C317-4BE2-90F5-32769BD802D5}.Debug|Any CPU.ActiveCfg = Debug|Any CPU
		{B95FD3C4-C317-4BE2-90F5-32769BD802D5}.Debug|Any CPU.Build.0 = Debug|Any CPU
		{B95FD3C4-C317-4BE2-90F5-32769BD802D5}.Release|Any CPU.ActiveCfg = Release|Any CPU
		{B95FD3C4-C317-4BE2-90F5-32769BD802D5}.Release|Any CPU.Build.0 = Release|Any CPU
		{EEC5020C-57D2-43FD-8BCE-239EF5C9FCC6}.Debug|Any CPU.ActiveCfg = Debug|Any CPU
		{EEC5020C-57D2-43FD-8BCE-239EF5C9FCC6}.Debug|Any CPU.Build.0 = Debug|Any CPU
		{EEC5020C-57D2-43FD-8BCE-239EF5C9FCC6}.Release|Any CPU.ActiveCfg = Release|Any CPU
		{EEC5020C-57D2-43FD-8BCE-239EF5C9FCC6}.Release|Any CPU.Build.0 = Release|Any CPU
		{2A49DC33-5F40-4829-94AB-7EA865224DDC}.Debug|Any CPU.ActiveCfg = Debug|Any CPU
		{2A49DC33-5F40-4829-94AB-7EA865224DDC}.Debug|Any CPU.Build.0 = Debug|Any CPU
		{2A49DC33-5F40-4829-94AB-7EA865224DDC}.Release|Any CPU.ActiveCfg = Release|Any CPU
		{2A49DC33-5F40-4829-94AB-7EA865224DDC}.Release|Any CPU.Build.0 = Release|Any CPU
		{9B5F8F47-24B8-4452-9078-1B02436F0B5B}.Debug|Any CPU.ActiveCfg = Debug|Any CPU
		{9B5F8F47-24B8-4452-9078-1B02436F0B5B}.Debug|Any CPU.Build.0 = Debug|Any CPU
		{9B5F8F47-24B8-4452-9078-1B02436F0B5B}.Release|Any CPU.ActiveCfg = Release|Any CPU
		{9B5F8F47-24B8-4452-9078-1B02436F0B5B}.Release|Any CPU.Build.0 = Release|Any CPU
		{D139FD44-2EAA-4FBF-8210-08C1142DAC57}.Debug|Any CPU.ActiveCfg = Debug|Any CPU
		{D139FD44-2EAA-4FBF-8210-08C1142DAC57}.Debug|Any CPU.Build.0 = Debug|Any CPU
		{D139FD44-2EAA-4FBF-8210-08C1142DAC57}.Release|Any CPU.ActiveCfg = Release|Any CPU
		{D139FD44-2EAA-4FBF-8210-08C1142DAC57}.Release|Any CPU.Build.0 = Release|Any CPU
		{CB0A1D9A-0928-4AA5-A13B-8944BBCB2D75}.Debug|Any CPU.ActiveCfg = Debug|Any CPU
		{CB0A1D9A-0928-4AA5-A13B-8944BBCB2D75}.Debug|Any CPU.Build.0 = Debug|Any CPU
		{CB0A1D9A-0928-4AA5-A13B-8944BBCB2D75}.Release|Any CPU.ActiveCfg = Release|Any CPU
		{CB0A1D9A-0928-4AA5-A13B-8944BBCB2D75}.Release|Any CPU.Build.0 = Release|Any CPU
		{5A7C98FA-8ED1-44B8-94C1-749B72448008}.Debug|Any CPU.ActiveCfg = Debug|Any CPU
		{5A7C98FA-8ED1-44B8-94C1-749B72448008}.Debug|Any CPU.Build.0 = Debug|Any CPU
		{5A7C98FA-8ED1-44B8-94C1-749B72448008}.Release|Any CPU.ActiveCfg = Release|Any CPU
		{5A7C98FA-8ED1-44B8-94C1-749B72448008}.Release|Any CPU.Build.0 = Release|Any CPU
		{E4325BA6-5327-4448-A11D-452923C534B0}.Debug|Any CPU.ActiveCfg = Debug|Any CPU
		{E4325BA6-5327-4448-A11D-452923C534B0}.Debug|Any CPU.Build.0 = Debug|Any CPU
		{E4325BA6-5327-4448-A11D-452923C534B0}.Release|Any CPU.ActiveCfg = Release|Any CPU
		{E4325BA6-5327-4448-A11D-452923C534B0}.Release|Any CPU.Build.0 = Release|Any CPU
		{8341A725-74C5-4168-99B4-89E97490E354}.Debug|Any CPU.ActiveCfg = Debug|Any CPU
		{8341A725-74C5-4168-99B4-89E97490E354}.Debug|Any CPU.Build.0 = Debug|Any CPU
		{8341A725-74C5-4168-99B4-89E97490E354}.Release|Any CPU.ActiveCfg = Release|Any CPU
		{8341A725-74C5-4168-99B4-89E97490E354}.Release|Any CPU.Build.0 = Release|Any CPU
		{98CC9840-98FB-48D6-B888-8EAF0FDE6980}.Debug|Any CPU.ActiveCfg = Debug|Any CPU
		{98CC9840-98FB-48D6-B888-8EAF0FDE6980}.Debug|Any CPU.Build.0 = Debug|Any CPU
		{98CC9840-98FB-48D6-B888-8EAF0FDE6980}.Release|Any CPU.ActiveCfg = Release|Any CPU
		{98CC9840-98FB-48D6-B888-8EAF0FDE6980}.Release|Any CPU.Build.0 = Release|Any CPU
		{28E69C4D-311A-426A-912E-2E8866ED0152}.Debug|Any CPU.ActiveCfg = Debug|Any CPU
		{28E69C4D-311A-426A-912E-2E8866ED0152}.Debug|Any CPU.Build.0 = Debug|Any CPU
		{28E69C4D-311A-426A-912E-2E8866ED0152}.Release|Any CPU.ActiveCfg = Release|Any CPU
		{28E69C4D-311A-426A-912E-2E8866ED0152}.Release|Any CPU.Build.0 = Release|Any CPU
		{D321A6CE-2DBC-4358-ABEE-8A41C72190C5}.Debug|Any CPU.ActiveCfg = Debug|Any CPU
		{D321A6CE-2DBC-4358-ABEE-8A41C72190C5}.Debug|Any CPU.Build.0 = Debug|Any CPU
		{D321A6CE-2DBC-4358-ABEE-8A41C72190C5}.Release|Any CPU.ActiveCfg = Release|Any CPU
		{D321A6CE-2DBC-4358-ABEE-8A41C72190C5}.Release|Any CPU.Build.0 = Release|Any CPU
		{84910889-32E4-4607-BED3-1C607EBD1EDE}.Debug|Any CPU.ActiveCfg = Debug|Any CPU
		{84910889-32E4-4607-BED3-1C607EBD1EDE}.Debug|Any CPU.Build.0 = Debug|Any CPU
		{84910889-32E4-4607-BED3-1C607EBD1EDE}.Release|Any CPU.ActiveCfg = Release|Any CPU
		{84910889-32E4-4607-BED3-1C607EBD1EDE}.Release|Any CPU.Build.0 = Release|Any CPU
		{95A22918-8270-474E-9C43-F8215EBF0C72}.Debug|Any CPU.ActiveCfg = Debug|Any CPU
		{95A22918-8270-474E-9C43-F8215EBF0C72}.Debug|Any CPU.Build.0 = Debug|Any CPU
		{95A22918-8270-474E-9C43-F8215EBF0C72}.Release|Any CPU.ActiveCfg = Release|Any CPU
		{95A22918-8270-474E-9C43-F8215EBF0C72}.Release|Any CPU.Build.0 = Release|Any CPU
		{A6777A5B-A7B9-4BA9-BCBF-0EC885456080}.Debug|Any CPU.ActiveCfg = Debug|Any CPU
		{A6777A5B-A7B9-4BA9-BCBF-0EC885456080}.Debug|Any CPU.Build.0 = Debug|Any CPU
		{A6777A5B-A7B9-4BA9-BCBF-0EC885456080}.Release|Any CPU.ActiveCfg = Release|Any CPU
		{A6777A5B-A7B9-4BA9-BCBF-0EC885456080}.Release|Any CPU.Build.0 = Release|Any CPU
		{05EB4972-4D30-4CB6-8024-5DE8F425F32C}.Debug|Any CPU.ActiveCfg = Debug|Any CPU
		{05EB4972-4D30-4CB6-8024-5DE8F425F32C}.Debug|Any CPU.Build.0 = Debug|Any CPU
		{05EB4972-4D30-4CB6-8024-5DE8F425F32C}.Release|Any CPU.ActiveCfg = Release|Any CPU
		{05EB4972-4D30-4CB6-8024-5DE8F425F32C}.Release|Any CPU.Build.0 = Release|Any CPU
		{7D2CA178-728A-481B-9208-4B35FA93BF99}.Debug|Any CPU.ActiveCfg = Debug|Any CPU
		{7D2CA178-728A-481B-9208-4B35FA93BF99}.Debug|Any CPU.Build.0 = Debug|Any CPU
		{7D2CA178-728A-481B-9208-4B35FA93BF99}.Release|Any CPU.ActiveCfg = Release|Any CPU
		{7D2CA178-728A-481B-9208-4B35FA93BF99}.Release|Any CPU.Build.0 = Release|Any CPU
		{66C1434C-F5DF-4E8A-9390-8A5E04F2D7E9}.Debug|Any CPU.ActiveCfg = Debug|Any CPU
		{66C1434C-F5DF-4E8A-9390-8A5E04F2D7E9}.Debug|Any CPU.Build.0 = Debug|Any CPU
		{66C1434C-F5DF-4E8A-9390-8A5E04F2D7E9}.Release|Any CPU.ActiveCfg = Release|Any CPU
		{66C1434C-F5DF-4E8A-9390-8A5E04F2D7E9}.Release|Any CPU.Build.0 = Release|Any CPU
		{952CECFA-CA3A-43DE-80AD-D275684F647B}.Debug|Any CPU.ActiveCfg = Debug|Any CPU
		{952CECFA-CA3A-43DE-80AD-D275684F647B}.Debug|Any CPU.Build.0 = Debug|Any CPU
		{952CECFA-CA3A-43DE-80AD-D275684F647B}.Release|Any CPU.ActiveCfg = Release|Any CPU
		{952CECFA-CA3A-43DE-80AD-D275684F647B}.Release|Any CPU.Build.0 = Release|Any CPU
		{308F911B-AB11-4C2B-B7A5-169FE301E632}.Debug|Any CPU.ActiveCfg = Debug|Any CPU
		{308F911B-AB11-4C2B-B7A5-169FE301E632}.Debug|Any CPU.Build.0 = Debug|Any CPU
		{308F911B-AB11-4C2B-B7A5-169FE301E632}.Release|Any CPU.ActiveCfg = Release|Any CPU
		{308F911B-AB11-4C2B-B7A5-169FE301E632}.Release|Any CPU.Build.0 = Release|Any CPU
		{B03A7F76-B721-4B2B-BD74-43A090228F8E}.Debug|Any CPU.ActiveCfg = Debug|Any CPU
		{B03A7F76-B721-4B2B-BD74-43A090228F8E}.Debug|Any CPU.Build.0 = Debug|Any CPU
		{B03A7F76-B721-4B2B-BD74-43A090228F8E}.Release|Any CPU.ActiveCfg = Release|Any CPU
		{B03A7F76-B721-4B2B-BD74-43A090228F8E}.Release|Any CPU.Build.0 = Release|Any CPU
		{1313DB7D-3CD8-688B-07E2-44513AFFFAA5}.Debug|Any CPU.ActiveCfg = Debug|Any CPU
		{1313DB7D-3CD8-688B-07E2-44513AFFFAA5}.Debug|Any CPU.Build.0 = Debug|Any CPU
		{1313DB7D-3CD8-688B-07E2-44513AFFFAA5}.Release|Any CPU.ActiveCfg = Release|Any CPU
		{1313DB7D-3CD8-688B-07E2-44513AFFFAA5}.Release|Any CPU.Build.0 = Release|Any CPU
		{51853CD0-FE8C-3C50-E1F3-BC9B239582CB}.Debug|Any CPU.ActiveCfg = Debug|Any CPU
		{51853CD0-FE8C-3C50-E1F3-BC9B239582CB}.Debug|Any CPU.Build.0 = Debug|Any CPU
		{51853CD0-FE8C-3C50-E1F3-BC9B239582CB}.Release|Any CPU.ActiveCfg = Release|Any CPU
		{51853CD0-FE8C-3C50-E1F3-BC9B239582CB}.Release|Any CPU.Build.0 = Release|Any CPU
		{B39C5378-FCB3-2230-D8F1-2A46A11BF89B}.Debug|Any CPU.ActiveCfg = Debug|Any CPU
		{B39C5378-FCB3-2230-D8F1-2A46A11BF89B}.Debug|Any CPU.Build.0 = Debug|Any CPU
		{B39C5378-FCB3-2230-D8F1-2A46A11BF89B}.Release|Any CPU.ActiveCfg = Release|Any CPU
		{B39C5378-FCB3-2230-D8F1-2A46A11BF89B}.Release|Any CPU.Build.0 = Release|Any CPU
		{C6942FD4-3F66-F8D4-E392-248BD60C3F7F}.Debug|Any CPU.ActiveCfg = Debug|Any CPU
		{C6942FD4-3F66-F8D4-E392-248BD60C3F7F}.Debug|Any CPU.Build.0 = Debug|Any CPU
		{C6942FD4-3F66-F8D4-E392-248BD60C3F7F}.Release|Any CPU.ActiveCfg = Release|Any CPU
		{C6942FD4-3F66-F8D4-E392-248BD60C3F7F}.Release|Any CPU.Build.0 = Release|Any CPU
	EndGlobalSection
	GlobalSection(SolutionProperties) = preSolution
		HideSolutionNode = FALSE
	EndGlobalSection
	GlobalSection(NestedProjects) = preSolution
		{0087B797-66BD-4E0C-A05A-38EAAD97AA21} = {AE35FA0F-EDD7-480C-82AD-01539A34E137}
		{378953FA-C170-4F80-A933-88CF7A1B1771} = {AE35FA0F-EDD7-480C-82AD-01539A34E137}
		{16E51523-8DF2-4B0E-AA4E-D378E7E410E8} = {6C9F59DE-174E-42F5-A50C-726DB7B47575}
		{E5890EE1-032C-4D59-9974-A28EF0DFE633} = {AE35FA0F-EDD7-480C-82AD-01539A34E137}
		{20ADA0F8-DD74-4998-ACF9-CE95E67B7C9C} = {AE35FA0F-EDD7-480C-82AD-01539A34E137}
		{BE1C7A9D-8494-41EC-9F62-42BD21E65F13} = {AE35FA0F-EDD7-480C-82AD-01539A34E137}
		{2E0C4838-9367-4968-B35D-6CE991EF8346} = {AE35FA0F-EDD7-480C-82AD-01539A34E137}
		{ECDA10F2-BDD7-4804-BE66-1F2ADE813C27} = {AE35FA0F-EDD7-480C-82AD-01539A34E137}
		{353EBCBB-10D2-49B8-A20E-0FFBF98689F1} = {AE35FA0F-EDD7-480C-82AD-01539A34E137}
		{2F46FB16-A60A-49D5-9853-970F2A558201} = {AE35FA0F-EDD7-480C-82AD-01539A34E137}
		{E1D44107-74FA-4102-804E-63C60290DA43} = {AE35FA0F-EDD7-480C-82AD-01539A34E137}
		{8E4FB672-5659-48F4-B7EA-C959C93C744A} = {AE35FA0F-EDD7-480C-82AD-01539A34E137}
		{FDCA9626-8EF1-44C9-9D97-9147AC4070C5} = {AE35FA0F-EDD7-480C-82AD-01539A34E137}
		{B11F4977-B79D-408A-955B-EE5A66A397B2} = {AE35FA0F-EDD7-480C-82AD-01539A34E137}
		{CC825B79-793F-4601-A9F0-2AF08B80464E} = {AE35FA0F-EDD7-480C-82AD-01539A34E137}
		{4B061CC5-B644-4E95-BA31-88C169F1905C} = {AE35FA0F-EDD7-480C-82AD-01539A34E137}
		{F09E926B-21AD-4CCB-973B-922690279ED1} = {AE35FA0F-EDD7-480C-82AD-01539A34E137}
		{FBF20DC4-742D-47FF-9151-A212A6FD4594} = {AE35FA0F-EDD7-480C-82AD-01539A34E137}
		{B95FD3C4-C317-4BE2-90F5-32769BD802D5} = {AE35FA0F-EDD7-480C-82AD-01539A34E137}
		{EEC5020C-57D2-43FD-8BCE-239EF5C9FCC6} = {AE35FA0F-EDD7-480C-82AD-01539A34E137}
		{2A49DC33-5F40-4829-94AB-7EA865224DDC} = {AE35FA0F-EDD7-480C-82AD-01539A34E137}
		{9B5F8F47-24B8-4452-9078-1B02436F0B5B} = {AE35FA0F-EDD7-480C-82AD-01539A34E137}
		{D139FD44-2EAA-4FBF-8210-08C1142DAC57} = {AE35FA0F-EDD7-480C-82AD-01539A34E137}
		{CB0A1D9A-0928-4AA5-A13B-8944BBCB2D75} = {AE35FA0F-EDD7-480C-82AD-01539A34E137}
		{5A7C98FA-8ED1-44B8-94C1-749B72448008} = {AE35FA0F-EDD7-480C-82AD-01539A34E137}
		{E4325BA6-5327-4448-A11D-452923C534B0} = {AE35FA0F-EDD7-480C-82AD-01539A34E137}
		{8341A725-74C5-4168-99B4-89E97490E354} = {AE35FA0F-EDD7-480C-82AD-01539A34E137}
		{98CC9840-98FB-48D6-B888-8EAF0FDE6980} = {6C9F59DE-174E-42F5-A50C-726DB7B47575}
		{28E69C4D-311A-426A-912E-2E8866ED0152} = {6C9F59DE-174E-42F5-A50C-726DB7B47575}
		{84910889-32E4-4607-BED3-1C607EBD1EDE} = {AE35FA0F-EDD7-480C-82AD-01539A34E137}
		{95A22918-8270-474E-9C43-F8215EBF0C72} = {AE35FA0F-EDD7-480C-82AD-01539A34E137}
		{A6777A5B-A7B9-4BA9-BCBF-0EC885456080} = {AE35FA0F-EDD7-480C-82AD-01539A34E137}
		{05EB4972-4D30-4CB6-8024-5DE8F425F32C} = {AE35FA0F-EDD7-480C-82AD-01539A34E137}
		{7D2CA178-728A-481B-9208-4B35FA93BF99} = {AE35FA0F-EDD7-480C-82AD-01539A34E137}
		{66C1434C-F5DF-4E8A-9390-8A5E04F2D7E9} = {AE35FA0F-EDD7-480C-82AD-01539A34E137}
		{952CECFA-CA3A-43DE-80AD-D275684F647B} = {911DCF44-4C42-4704-9BD3-6AE70D6AAC43}
		{308F911B-AB11-4C2B-B7A5-169FE301E632} = {911DCF44-4C42-4704-9BD3-6AE70D6AAC43}
		{B03A7F76-B721-4B2B-BD74-43A090228F8E} = {911DCF44-4C42-4704-9BD3-6AE70D6AAC43}
		{1313DB7D-3CD8-688B-07E2-44513AFFFAA5} = {AE35FA0F-EDD7-480C-82AD-01539A34E137}
		{51853CD0-FE8C-3C50-E1F3-BC9B239582CB} = {AE35FA0F-EDD7-480C-82AD-01539A34E137}
		{B39C5378-FCB3-2230-D8F1-2A46A11BF89B} = {AE35FA0F-EDD7-480C-82AD-01539A34E137}
		{C6942FD4-3F66-F8D4-E392-248BD60C3F7F} = {AE35FA0F-EDD7-480C-82AD-01539A34E137}
	EndGlobalSection
	GlobalSection(ExtensibilityGlobals) = postSolution
		SolutionGuid = {ADE3FF46-E6C6-498A-85D8-A9119E294614}
	EndGlobalSection
EndGlobal
